
Microsoft Visual Studio Solution File, Format Version 12.00
# Visual Studio 15
VisualStudioVersion = 15.0.28307.852
MinimumVisualStudioVersion = 10.0.40219.1
Project("{FAE04EC0-301F-11D3-BF4B-00C04F79EFBC}") = "2) Kolats and Krylov–Bogoliubov methods", "2) Kolats and Krylov–Bogoliubov methods\2) Kolats and Krylov–Bogoliubov methods.csproj", "{2F986041-B727-4ED7-A4CF-9EEABB90F2A3}"
EndProject
Project("{FAE04EC0-301F-11D3-BF4B-00C04F79EFBC}") = "3) Weinstein method", "3) Weinstein method\3) Weinstein method.csproj", "{60DEEF37-2EB3-471E-9A15-3E5039FF4AC6}"
EndProject
Project("{FAE04EC0-301F-11D3-BF4B-00C04F79EFBC}") = "4) Fiker method", "4) Fiker method\4) Fiker method.csproj", "{59D96856-D73E-4C88-A8AC-FE7A43E3A873}"
EndProject
Project("{FAE04EC0-301F-11D3-BF4B-00C04F79EFBC}") = "1) Matrix Helper", "1) Matrix Helper\1) Matrix Helper.csproj", "{FBD870F6-DAC7-4659-A6B4-7B829E648740}"
EndProject
Project("{FAE04EC0-301F-11D3-BF4B-00C04F79EFBC}") = "5) Calculation of exact derivatives", "5) Calculation of exact derivatives\5) Calculation of exact derivatives.csproj", "{B6400376-C4CA-4DD7-A991-916AAC251236}"
EndProject
Project("{FAE04EC0-301F-11D3-BF4B-00C04F79EFBC}") = "6) Finding the initial approximation", "6) Finding the initial approximation\6) Finding the initial approximation.csproj", "{5E421B3B-E81C-4C76-8973-3FDBD79DCBD0}"
EndProject
Global
	GlobalSection(SolutionConfigurationPlatforms) = preSolution
		Debug|Any CPU = Debug|Any CPU
		Release|Any CPU = Release|Any CPU
	EndGlobalSection
	GlobalSection(ProjectConfigurationPlatforms) = postSolution
		{2F986041-B727-4ED7-A4CF-9EEABB90F2A3}.Debug|Any CPU.ActiveCfg = Debug|Any CPU
		{2F986041-B727-4ED7-A4CF-9EEABB90F2A3}.Debug|Any CPU.Build.0 = Debug|Any CPU
		{2F986041-B727-4ED7-A4CF-9EEABB90F2A3}.Release|Any CPU.ActiveCfg = Release|Any CPU
		{2F986041-B727-4ED7-A4CF-9EEABB90F2A3}.Release|Any CPU.Build.0 = Release|Any CPU
		{60DEEF37-2EB3-471E-9A15-3E5039FF4AC6}.Debug|Any CPU.ActiveCfg = Debug|Any CPU
		{60DEEF37-2EB3-471E-9A15-3E5039FF4AC6}.Debug|Any CPU.Build.0 = Debug|Any CPU
		{60DEEF37-2EB3-471E-9A15-3E5039FF4AC6}.Release|Any CPU.ActiveCfg = Release|Any CPU
		{60DEEF37-2EB3-471E-9A15-3E5039FF4AC6}.Release|Any CPU.Build.0 = Release|Any CPU
		{59D96856-D73E-4C88-A8AC-FE7A43E3A873}.Debug|Any CPU.ActiveCfg = Debug|Any CPU
		{59D96856-D73E-4C88-A8AC-FE7A43E3A873}.Debug|Any CPU.Build.0 = Debug|Any CPU
		{59D96856-D73E-4C88-A8AC-FE7A43E3A873}.Release|Any CPU.ActiveCfg = Release|Any CPU
		{59D96856-D73E-4C88-A8AC-FE7A43E3A873}.Release|Any CPU.Build.0 = Release|Any CPU
		{FBD870F6-DAC7-4659-A6B4-7B829E648740}.Debug|Any CPU.ActiveCfg = Debug|Any CPU
		{FBD870F6-DAC7-4659-A6B4-7B829E648740}.Debug|Any CPU.Build.0 = Debug|Any CPU
		{FBD870F6-DAC7-4659-A6B4-7B829E648740}.Release|Any CPU.ActiveCfg = Release|Any CPU
		{FBD870F6-DAC7-4659-A6B4-7B829E648740}.Release|Any CPU.Build.0 = Release|Any CPU
		{B6400376-C4CA-4DD7-A991-916AAC251236}.Debug|Any CPU.ActiveCfg = Debug|Any CPU
		{B6400376-C4CA-4DD7-A991-916AAC251236}.Debug|Any CPU.Build.0 = Debug|Any CPU
		{B6400376-C4CA-4DD7-A991-916AAC251236}.Release|Any CPU.ActiveCfg = Release|Any CPU
		{B6400376-C4CA-4DD7-A991-916AAC251236}.Release|Any CPU.Build.0 = Release|Any CPU
		{5E421B3B-E81C-4C76-8973-3FDBD79DCBD0}.Debug|Any CPU.ActiveCfg = Debug|Any CPU
		{5E421B3B-E81C-4C76-8973-3FDBD79DCBD0}.Debug|Any CPU.Build.0 = Debug|Any CPU
		{5E421B3B-E81C-4C76-8973-3FDBD79DCBD0}.Release|Any CPU.ActiveCfg = Release|Any CPU
		{5E421B3B-E81C-4C76-8973-3FDBD79DCBD0}.Release|Any CPU.Build.0 = Release|Any CPU
	EndGlobalSection
	GlobalSection(SolutionProperties) = preSolution
		HideSolutionNode = FALSE
	EndGlobalSection
	GlobalSection(ExtensibilityGlobals) = postSolution
		SolutionGuid = {DDB18681-C646-4543-ABB8-F0007133E5F7}
	EndGlobalSection
EndGlobal
